// !$*UTF8*$!
{
	archiveVersion = 1;
	classes = {
	};
	objectVersion = 55;
	objects = {

/* Begin PBXBuildFile section */
		763EE3F3D836C3A508A26097 /* Pods_Unspalsh.framework in Frameworks */ = {isa = PBXBuildFile; fileRef = 545D66D5EA2BE6A4B4C463F1 /* Pods_Unspalsh.framework */; };
		7F10318128FC4D7C00B1A80B /* RealmModel.swift in Sources */ = {isa = PBXBuildFile; fileRef = 7F10318028FC4D7C00B1A80B /* RealmModel.swift */; };
		7F10318928FC97DB00B1A80B /* FovouriteDetailController.swift in Sources */ = {isa = PBXBuildFile; fileRef = 7F10318828FC97DB00B1A80B /* FovouriteDetailController.swift */; };
		7F10318B28FC97EB00B1A80B /* FovouriteDetailView.swift in Sources */ = {isa = PBXBuildFile; fileRef = 7F10318A28FC97EB00B1A80B /* FovouriteDetailView.swift */; };
		7F225B1D28F42F5700EA605F /* AppDelegate.swift in Sources */ = {isa = PBXBuildFile; fileRef = 7F225B1C28F42F5700EA605F /* AppDelegate.swift */; };
		7F225B2628F42F5B00EA605F /* Assets.xcassets in Resources */ = {isa = PBXBuildFile; fileRef = 7F225B2528F42F5B00EA605F /* Assets.xcassets */; };
		7F225B2928F42F5B00EA605F /* LaunchScreen.storyboard in Resources */ = {isa = PBXBuildFile; fileRef = 7F225B2728F42F5B00EA605F /* LaunchScreen.storyboard */; };
		7F225B3128F42F7D00EA605F /* MainTBC.swift in Sources */ = {isa = PBXBuildFile; fileRef = 7F225B3028F42F7D00EA605F /* MainTBC.swift */; };
		7F225B3328F42F8900EA605F /* MainController.swift in Sources */ = {isa = PBXBuildFile; fileRef = 7F225B3228F42F8900EA605F /* MainController.swift */; };
		7F225B3528F42F9200EA605F /* MainView.swift in Sources */ = {isa = PBXBuildFile; fileRef = 7F225B3428F42F9200EA605F /* MainView.swift */; };
		7F225B3728F42FA600EA605F /* FovoriteController.swift in Sources */ = {isa = PBXBuildFile; fileRef = 7F225B3628F42FA600EA605F /* FovoriteController.swift */; };
		7F225B3928F42FB600EA605F /* FovoriteView.swift in Sources */ = {isa = PBXBuildFile; fileRef = 7F225B3828F42FB600EA605F /* FovoriteView.swift */; };
		7F225B3B28F42FD400EA605F /* DetailView.swift in Sources */ = {isa = PBXBuildFile; fileRef = 7F225B3A28F42FD400EA605F /* DetailView.swift */; };
		7F225B3D28F42FF000EA605F /* DetailController.swift in Sources */ = {isa = PBXBuildFile; fileRef = 7F225B3C28F42FF000EA605F /* DetailController.swift */; };
		7F225B4228F4303F00EA605F /* API.swift in Sources */ = {isa = PBXBuildFile; fileRef = 7F225B4028F4303F00EA605F /* API.swift */; };
		7F225B4328F4303F00EA605F /* Req.swift in Sources */ = {isa = PBXBuildFile; fileRef = 7F225B4128F4303F00EA605F /* Req.swift */; };
		7F225B4728F4321F00EA605F /* DataModel.swift in Sources */ = {isa = PBXBuildFile; fileRef = 7F225B4628F4321F00EA605F /* DataModel.swift */; };
		7F225B4928F4328E00EA605F /* Constants.swift in Sources */ = {isa = PBXBuildFile; fileRef = 7F225B4828F4328E00EA605F /* Constants.swift */; };
		7F225B5328F46F9C00EA605F /* ImageColectionViewCell.swift in Sources */ = {isa = PBXBuildFile; fileRef = 7F225B5228F46F9C00EA605F /* ImageColectionViewCell.swift */; };
/* End PBXBuildFile section */

/* Begin PBXFileReference section */
		545D66D5EA2BE6A4B4C463F1 /* Pods_Unspalsh.framework */ = {isa = PBXFileReference; explicitFileType = wrapper.framework; includeInIndex = 0; path = Pods_Unspalsh.framework; sourceTree = BUILT_PRODUCTS_DIR; };
		7F10318028FC4D7C00B1A80B /* RealmModel.swift */ = {isa = PBXFileReference; lastKnownFileType = sourcecode.swift; path = RealmModel.swift; sourceTree = "<group>"; };
		7F10318828FC97DB00B1A80B /* FovouriteDetailController.swift */ = {isa = PBXFileReference; lastKnownFileType = sourcecode.swift; path = FovouriteDetailController.swift; sourceTree = "<group>"; };
		7F10318A28FC97EB00B1A80B /* FovouriteDetailView.swift */ = {isa = PBXFileReference; lastKnownFileType = sourcecode.swift; path = FovouriteDetailView.swift; sourceTree = "<group>"; };
		7F225B1928F42F5700EA605F /* Unspalsh.app */ = {isa = PBXFileReference; explicitFileType = wrapper.application; includeInIndex = 0; path = Unspalsh.app; sourceTree = BUILT_PRODUCTS_DIR; };
		7F225B1C28F42F5700EA605F /* AppDelegate.swift */ = {isa = PBXFileReference; lastKnownFileType = sourcecode.swift; path = AppDelegate.swift; sourceTree = "<group>"; };
		7F225B2528F42F5B00EA605F /* Assets.xcassets */ = {isa = PBXFileReference; lastKnownFileType = folder.assetcatalog; path = Assets.xcassets; sourceTree = "<group>"; };
		7F225B2828F42F5B00EA605F /* Base */ = {isa = PBXFileReference; lastKnownFileType = file.storyboard; name = Base; path = Base.lproj/LaunchScreen.storyboard; sourceTree = "<group>"; };
		7F225B2A28F42F5B00EA605F /* Info.plist */ = {isa = PBXFileReference; lastKnownFileType = text.plist.xml; path = Info.plist; sourceTree = "<group>"; };
		7F225B3028F42F7D00EA605F /* MainTBC.swift */ = {isa = PBXFileReference; lastKnownFileType = sourcecode.swift; path = MainTBC.swift; sourceTree = "<group>"; };
		7F225B3228F42F8900EA605F /* MainController.swift */ = {isa = PBXFileReference; lastKnownFileType = sourcecode.swift; path = MainController.swift; sourceTree = "<group>"; };
		7F225B3428F42F9200EA605F /* MainView.swift */ = {isa = PBXFileReference; lastKnownFileType = sourcecode.swift; path = MainView.swift; sourceTree = "<group>"; };
		7F225B3628F42FA600EA605F /* FovoriteController.swift */ = {isa = PBXFileReference; lastKnownFileType = sourcecode.swift; path = FovoriteController.swift; sourceTree = "<group>"; };
		7F225B3828F42FB600EA605F /* FovoriteView.swift */ = {isa = PBXFileReference; lastKnownFileType = sourcecode.swift; path = FovoriteView.swift; sourceTree = "<group>"; };
		7F225B3A28F42FD400EA605F /* DetailView.swift */ = {isa = PBXFileReference; lastKnownFileType = sourcecode.swift; path = DetailView.swift; sourceTree = "<group>"; };
		7F225B3C28F42FF000EA605F /* DetailController.swift */ = {isa = PBXFileReference; lastKnownFileType = sourcecode.swift; path = DetailController.swift; sourceTree = "<group>"; };
		7F225B4028F4303F00EA605F /* API.swift */ = {isa = PBXFileReference; fileEncoding = 4; lastKnownFileType = sourcecode.swift; path = API.swift; sourceTree = "<group>"; };
		7F225B4128F4303F00EA605F /* Req.swift */ = {isa = PBXFileReference; fileEncoding = 4; lastKnownFileType = sourcecode.swift; path = Req.swift; sourceTree = "<group>"; };
		7F225B4628F4321F00EA605F /* DataModel.swift */ = {isa = PBXFileReference; lastKnownFileType = sourcecode.swift; path = DataModel.swift; sourceTree = "<group>"; };
		7F225B4828F4328E00EA605F /* Constants.swift */ = {isa = PBXFileReference; lastKnownFileType = sourcecode.swift; path = Constants.swift; sourceTree = "<group>"; };
		7F225B5228F46F9C00EA605F /* ImageColectionViewCell.swift */ = {isa = PBXFileReference; lastKnownFileType = sourcecode.swift; path = ImageColectionViewCell.swift; sourceTree = "<group>"; };
		DCD1B628EC70DAA7CC3D4491 /* Pods-Unspalsh.release.xcconfig */ = {isa = PBXFileReference; includeInIndex = 1; lastKnownFileType = text.xcconfig; name = "Pods-Unspalsh.release.xcconfig"; path = "Target Support Files/Pods-Unspalsh/Pods-Unspalsh.release.xcconfig"; sourceTree = "<group>"; };
		EF2632F2F7A18004ECAF593B /* Pods-Unspalsh.debug.xcconfig */ = {isa = PBXFileReference; includeInIndex = 1; lastKnownFileType = text.xcconfig; name = "Pods-Unspalsh.debug.xcconfig"; path = "Target Support Files/Pods-Unspalsh/Pods-Unspalsh.debug.xcconfig"; sourceTree = "<group>"; };
/* End PBXFileReference section */

/* Begin PBXFrameworksBuildPhase section */
		7F225B1628F42F5700EA605F /* Frameworks */ = {
			isa = PBXFrameworksBuildPhase;
			buildActionMask = 2147483647;
			files = (
				763EE3F3D836C3A508A26097 /* Pods_Unspalsh.framework in Frameworks */,
			);
			runOnlyForDeploymentPostprocessing = 0;
		};
/* End PBXFrameworksBuildPhase section */

/* Begin PBXGroup section */
		7F10318528FC975100B1A80B /* CVC */ = {
			isa = PBXGroup;
			children = (
				7F225B5228F46F9C00EA605F /* ImageColectionViewCell.swift */,
			);
			path = CVC;
			sourceTree = "<group>";
		};
		7F10318728FC978800B1A80B /* FovouriteDetail */ = {
			isa = PBXGroup;
			children = (
				7F10318828FC97DB00B1A80B /* FovouriteDetailController.swift */,
				7F10318A28FC97EB00B1A80B /* FovouriteDetailView.swift */,
			);
			path = FovouriteDetail;
			sourceTree = "<group>";
		};
		7F225B1028F42F5700EA605F = {
			isa = PBXGroup;
			children = (
				7F225B1B28F42F5700EA605F /* Unspalsh */,
				7F225B1A28F42F5700EA605F /* Products */,
				9ED54D599C89157E51355DB5 /* Pods */,
				8D4C3A67BAD797F44C590DD4 /* Frameworks */,
			);
			sourceTree = "<group>";
		};
		7F225B1A28F42F5700EA605F /* Products */ = {
			isa = PBXGroup;
			children = (
				7F225B1928F42F5700EA605F /* Unspalsh.app */,
			);
			name = Products;
			sourceTree = "<group>";
		};
		7F225B1B28F42F5700EA605F /* Unspalsh */ = {
			isa = PBXGroup;
			children = (
				7F225B4428F431AD00EA605F /* Base */,
				7F225B4528F4320E00EA605F /* Models */,
				7F225B3E28F42FFC00EA605F /* Network */,
				7F225B3F28F4302600EA605F /* ViewControllers */,
				7F225B2528F42F5B00EA605F /* Assets.xcassets */,
				7F225B2728F42F5B00EA605F /* LaunchScreen.storyboard */,
				7F225B2A28F42F5B00EA605F /* Info.plist */,
			);
			path = Unspalsh;
			sourceTree = "<group>";
		};
		7F225B3E28F42FFC00EA605F /* Network */ = {
			isa = PBXGroup;
			children = (
				7F225B4128F4303F00EA605F /* Req.swift */,
				7F225B4028F4303F00EA605F /* API.swift */,
				7F225B4828F4328E00EA605F /* Constants.swift */,
			);
			path = Network;
			sourceTree = "<group>";
		};
		7F225B3F28F4302600EA605F /* ViewControllers */ = {
			isa = PBXGroup;
			children = (
				7F225B4A28F43A3300EA605F /* Main */,
				7F225B4B28F43A3C00EA605F /* Fovorite */,
			);
			path = ViewControllers;
			sourceTree = "<group>";
		};
		7F225B4428F431AD00EA605F /* Base */ = {
			isa = PBXGroup;
			children = (
				7F225B1C28F42F5700EA605F /* AppDelegate.swift */,
				7F225B3028F42F7D00EA605F /* MainTBC.swift */,
			);
			path = Base;
			sourceTree = "<group>";
		};
		7F225B4528F4320E00EA605F /* Models */ = {
			isa = PBXGroup;
			children = (
				7F225B4628F4321F00EA605F /* DataModel.swift */,
				7F10318028FC4D7C00B1A80B /* RealmModel.swift */,
			);
			path = Models;
			sourceTree = "<group>";
		};
		7F225B4A28F43A3300EA605F /* Main */ = {
			isa = PBXGroup;
			children = (
				7F225B3228F42F8900EA605F /* MainController.swift */,
				7F225B3428F42F9200EA605F /* MainView.swift */,
				7F10318528FC975100B1A80B /* CVC */,
				7F225B4C28F43A5800EA605F /* MainDetail */,
			);
			path = Main;
			sourceTree = "<group>";
		};
		7F225B4B28F43A3C00EA605F /* Fovorite */ = {
			isa = PBXGroup;
			children = (
				7F225B3628F42FA600EA605F /* FovoriteController.swift */,
				7F225B3828F42FB600EA605F /* FovoriteView.swift */,
				7F10318728FC978800B1A80B /* FovouriteDetail */,
			);
			path = Fovorite;
			sourceTree = "<group>";
		};
		7F225B4C28F43A5800EA605F /* MainDetail */ = {
			isa = PBXGroup;
			children = (
				7F225B3C28F42FF000EA605F /* DetailController.swift */,
				7F225B3A28F42FD400EA605F /* DetailView.swift */,
			);
			path = MainDetail;
			sourceTree = "<group>";
		};
		8D4C3A67BAD797F44C590DD4 /* Frameworks */ = {
			isa = PBXGroup;
			children = (
				545D66D5EA2BE6A4B4C463F1 /* Pods_Unspalsh.framework */,
			);
			name = Frameworks;
			sourceTree = "<group>";
		};
		9ED54D599C89157E51355DB5 /* Pods */ = {
			isa = PBXGroup;
			children = (
				EF2632F2F7A18004ECAF593B /* Pods-Unspalsh.debug.xcconfig */,
				DCD1B628EC70DAA7CC3D4491 /* Pods-Unspalsh.release.xcconfig */,
			);
			path = Pods;
			sourceTree = "<group>";
		};
/* End PBXGroup section */

/* Begin PBXNativeTarget section */
		7F225B1828F42F5700EA605F /* Unspalsh */ = {
			isa = PBXNativeTarget;
			buildConfigurationList = 7F225B2D28F42F5B00EA605F /* Build configuration list for PBXNativeTarget "Unspalsh" */;
			buildPhases = (
				D29CE6F4D7006E9318960852 /* [CP] Check Pods Manifest.lock */,
				7F225B1528F42F5700EA605F /* Sources */,
				7F225B1628F42F5700EA605F /* Frameworks */,
				7F225B1728F42F5700EA605F /* Resources */,
				A038AF5150B0306A0B70FC57 /* [CP] Embed Pods Frameworks */,
			);
			buildRules = (
			);
			dependencies = (
			);
			name = Unspalsh;
			productName = Unspalsh;
			productReference = 7F225B1928F42F5700EA605F /* Unspalsh.app */;
			productType = "com.apple.product-type.application";
		};
/* End PBXNativeTarget section */

/* Begin PBXProject section */
		7F225B1128F42F5700EA605F /* Project object */ = {
			isa = PBXProject;
			attributes = {
				BuildIndependentTargetsInParallel = 1;
				LastSwiftUpdateCheck = 1320;
				LastUpgradeCheck = 1320;
				TargetAttributes = {
					7F225B1828F42F5700EA605F = {
						CreatedOnToolsVersion = 13.2.1;
					};
				};
			};
			buildConfigurationList = 7F225B1428F42F5700EA605F /* Build configuration list for PBXProject "Unspalsh" */;
			compatibilityVersion = "Xcode 13.0";
			developmentRegion = en;
			hasScannedForEncodings = 0;
			knownRegions = (
				en,
				Base,
			);
			mainGroup = 7F225B1028F42F5700EA605F;
			productRefGroup = 7F225B1A28F42F5700EA605F /* Products */;
			projectDirPath = "";
			projectRoot = "";
			targets = (
				7F225B1828F42F5700EA605F /* Unspalsh */,
			);
		};
/* End PBXProject section */

/* Begin PBXResourcesBuildPhase section */
		7F225B1728F42F5700EA605F /* Resources */ = {
			isa = PBXResourcesBuildPhase;
			buildActionMask = 2147483647;
			files = (
				7F225B2928F42F5B00EA605F /* LaunchScreen.storyboard in Resources */,
				7F225B2628F42F5B00EA605F /* Assets.xcassets in Resources */,
			);
			runOnlyForDeploymentPostprocessing = 0;
		};
/* End PBXResourcesBuildPhase section */

/* Begin PBXShellScriptBuildPhase section */
		A038AF5150B0306A0B70FC57 /* [CP] Embed Pods Frameworks */ = {
			isa = PBXShellScriptBuildPhase;
			buildActionMask = 2147483647;
			files = (
			);
			inputFileListPaths = (
				"${PODS_ROOT}/Target Support Files/Pods-Unspalsh/Pods-Unspalsh-frameworks-${CONFIGURATION}-input-files.xcfilelist",
			);
			name = "[CP] Embed Pods Frameworks";
			outputFileListPaths = (
				"${PODS_ROOT}/Target Support Files/Pods-Unspalsh/Pods-Unspalsh-frameworks-${CONFIGURATION}-output-files.xcfilelist",
			);
			runOnlyForDeploymentPostprocessing = 0;
			shellPath = /bin/sh;
			shellScript = "\"${PODS_ROOT}/Target Support Files/Pods-Unspalsh/Pods-Unspalsh-frameworks.sh\"\n";
			showEnvVarsInLog = 0;
		};
		D29CE6F4D7006E9318960852 /* [CP] Check Pods Manifest.lock */ = {
			isa = PBXShellScriptBuildPhase;
			buildActionMask = 2147483647;
			files = (
			);
			inputFileListPaths = (
			);
			inputPaths = (
				"${PODS_PODFILE_DIR_PATH}/Podfile.lock",
				"${PODS_ROOT}/Manifest.lock",
			);
			name = "[CP] Check Pods Manifest.lock";
			outputFileListPaths = (
			);
			outputPaths = (
				"$(DERIVED_FILE_DIR)/Pods-Unspalsh-checkManifestLockResult.txt",
			);
			runOnlyForDeploymentPostprocessing = 0;
			shellPath = /bin/sh;
			shellScript = "diff \"${PODS_PODFILE_DIR_PATH}/Podfile.lock\" \"${PODS_ROOT}/Manifest.lock\" > /dev/null\nif [ $? != 0 ] ; then\n    # print error to STDERR\n    echo \"error: The sandbox is not in sync with the Podfile.lock. Run 'pod install' or update your CocoaPods installation.\" >&2\n    exit 1\nfi\n# This output is used by Xcode 'outputs' to avoid re-running this script phase.\necho \"SUCCESS\" > \"${SCRIPT_OUTPUT_FILE_0}\"\n";
			showEnvVarsInLog = 0;
		};
/* End PBXShellScriptBuildPhase section */

/* Begin PBXSourcesBuildPhase section */
		7F225B1528F42F5700EA605F /* Sources */ = {
			isa = PBXSourcesBuildPhase;
			buildActionMask = 2147483647;
			files = (
				7F225B3D28F42FF000EA605F /* DetailController.swift in Sources */,
				7F10318128FC4D7C00B1A80B /* RealmModel.swift in Sources */,
				7F225B3928F42FB600EA605F /* FovoriteView.swift in Sources */,
				7F225B4728F4321F00EA605F /* DataModel.swift in Sources */,
				7F225B3128F42F7D00EA605F /* MainTBC.swift in Sources */,
				7F10318B28FC97EB00B1A80B /* FovouriteDetailView.swift in Sources */,
				7F225B3728F42FA600EA605F /* FovoriteController.swift in Sources */,
				7F225B4328F4303F00EA605F /* Req.swift in Sources */,
				7F225B3B28F42FD400EA605F /* DetailView.swift in Sources */,
				7F225B3528F42F9200EA605F /* MainView.swift in Sources */,
				7F225B3328F42F8900EA605F /* MainController.swift in Sources */,
				7F225B5328F46F9C00EA605F /* ImageColectionViewCell.swift in Sources */,
				7F225B4228F4303F00EA605F /* API.swift in Sources */,
				7F225B1D28F42F5700EA605F /* AppDelegate.swift in Sources */,
				7F10318928FC97DB00B1A80B /* FovouriteDetailController.swift in Sources */,
				7F225B4928F4328E00EA605F /* Constants.swift in Sources */,
			);
			runOnlyForDeploymentPostprocessing = 0;
		};
/* End PBXSourcesBuildPhase section */

/* Begin PBXVariantGroup section */
		7F225B2728F42F5B00EA605F /* LaunchScreen.storyboard */ = {
			isa = PBXVariantGroup;
			children = (
				7F225B2828F42F5B00EA605F /* Base */,
			);
			name = LaunchScreen.storyboard;
			sourceTree = "<group>";
		};
/* End PBXVariantGroup section */

/* Begin XCBuildConfiguration section */
		7F225B2B28F42F5B00EA605F /* Debug */ = {
			isa = XCBuildConfiguration;
			buildSettings = {
				ALWAYS_SEARCH_USER_PATHS = NO;
				CLANG_ANALYZER_NONNULL = YES;
				CLANG_ANALYZER_NUMBER_OBJECT_CONVERSION = YES_AGGRESSIVE;
				CLANG_CXX_LANGUAGE_STANDARD = "gnu++17";
				CLANG_CXX_LIBRARY = "libc++";
				CLANG_ENABLE_MODULES = YES;
				CLANG_ENABLE_OBJC_ARC = YES;
				CLANG_ENABLE_OBJC_WEAK = YES;
				CLANG_WARN_BLOCK_CAPTURE_AUTORELEASING = YES;
				CLANG_WARN_BOOL_CONVERSION = YES;
				CLANG_WARN_COMMA = YES;
				CLANG_WARN_CONSTANT_CONVERSION = YES;
				CLANG_WARN_DEPRECATED_OBJC_IMPLEMENTATIONS = YES;
				CLANG_WARN_DIRECT_OBJC_ISA_USAGE = YES_ERROR;
				CLANG_WARN_DOCUMENTATION_COMMENTS = YES;
				CLANG_WARN_EMPTY_BODY = YES;
				CLANG_WARN_ENUM_CONVERSION = YES;
				CLANG_WARN_INFINITE_RECURSION = YES;
				CLANG_WARN_INT_CONVERSION = YES;
				CLANG_WARN_NON_LITERAL_NULL_CONVERSION = YES;
				CLANG_WARN_OBJC_IMPLICIT_RETAIN_SELF = YES;
				CLANG_WARN_OBJC_LITERAL_CONVERSION = YES;
				CLANG_WARN_OBJC_ROOT_CLASS = YES_ERROR;
				CLANG_WARN_QUOTED_INCLUDE_IN_FRAMEWORK_HEADER = YES;
				CLANG_WARN_RANGE_LOOP_ANALYSIS = YES;
				CLANG_WARN_STRICT_PROTOTYPES = YES;
				CLANG_WARN_SUSPICIOUS_MOVE = YES;
				CLANG_WARN_UNGUARDED_AVAILABILITY = YES_AGGRESSIVE;
				CLANG_WARN_UNREACHABLE_CODE = YES;
				CLANG_WARN__DUPLICATE_METHOD_MATCH = YES;
				COPY_PHASE_STRIP = NO;
				DEBUG_INFORMATION_FORMAT = dwarf;
				ENABLE_STRICT_OBJC_MSGSEND = YES;
				ENABLE_TESTABILITY = YES;
				GCC_C_LANGUAGE_STANDARD = gnu11;
				GCC_DYNAMIC_NO_PIC = NO;
				GCC_NO_COMMON_BLOCKS = YES;
				GCC_OPTIMIZATION_LEVEL = 0;
				GCC_PREPROCESSOR_DEFINITIONS = (
					"DEBUG=1",
					"$(inherited)",
				);
				GCC_WARN_64_TO_32_BIT_CONVERSION = YES;
				GCC_WARN_ABOUT_RETURN_TYPE = YES_ERROR;
				GCC_WARN_UNDECLARED_SELECTOR = YES;
				GCC_WARN_UNINITIALIZED_AUTOS = YES_AGGRESSIVE;
				GCC_WARN_UNUSED_FUNCTION = YES;
				GCC_WARN_UNUSED_VARIABLE = YES;
				IPHONEOS_DEPLOYMENT_TARGET = 15.2;
				MTL_ENABLE_DEBUG_INFO = INCLUDE_SOURCE;
				MTL_FAST_MATH = YES;
				ONLY_ACTIVE_ARCH = YES;
				SDKROOT = iphoneos;
				SWIFT_ACTIVE_COMPILATION_CONDITIONS = DEBUG;
				SWIFT_OPTIMIZATION_LEVEL = "-Onone";
			};
			name = Debug;
		};
		7F225B2C28F42F5B00EA605F /* Release */ = {
			isa = XCBuildConfiguration;
			buildSettings = {
				ALWAYS_SEARCH_USER_PATHS = NO;
				CLANG_ANALYZER_NONNULL = YES;
				CLANG_ANALYZER_NUMBER_OBJECT_CONVERSION = YES_AGGRESSIVE;
				CLANG_CXX_LANGUAGE_STANDARD = "gnu++17";
				CLANG_CXX_LIBRARY = "libc++";
				CLANG_ENABLE_MODULES = YES;
				CLANG_ENABLE_OBJC_ARC = YES;
				CLANG_ENABLE_OBJC_WEAK = YES;
				CLANG_WARN_BLOCK_CAPTURE_AUTORELEASING = YES;
				CLANG_WARN_BOOL_CONVERSION = YES;
				CLANG_WARN_COMMA = YES;
				CLANG_WARN_CONSTANT_CONVERSION = YES;
				CLANG_WARN_DEPRECATED_OBJC_IMPLEMENTATIONS = YES;
				CLANG_WARN_DIRECT_OBJC_ISA_USAGE = YES_ERROR;
				CLANG_WARN_DOCUMENTATION_COMMENTS = YES;
				CLANG_WARN_EMPTY_BODY = YES;
				CLANG_WARN_ENUM_CONVERSION = YES;
				CLANG_WARN_INFINITE_RECURSION = YES;
				CLANG_WARN_INT_CONVERSION = YES;
				CLANG_WARN_NON_LITERAL_NULL_CONVERSION = YES;
				CLANG_WARN_OBJC_IMPLICIT_RETAIN_SELF = YES;
				CLANG_WARN_OBJC_LITERAL_CONVERSION = YES;
				CLANG_WARN_OBJC_ROOT_CLASS = YES_ERROR;
				CLANG_WARN_QUOTED_INCLUDE_IN_FRAMEWORK_HEADER = YES;
				CLANG_WARN_RANGE_LOOP_ANALYSIS = YES;
				CLANG_WARN_STRICT_PROTOTYPES = YES;
				CLANG_WARN_SUSPICIOUS_MOVE = YES;
				CLANG_WARN_UNGUARDED_AVAILABILITY = YES_AGGRESSIVE;
				CLANG_WARN_UNREACHABLE_CODE = YES;
				CLANG_WARN__DUPLICATE_METHOD_MATCH = YES;
				COPY_PHASE_STRIP = NO;
				DEBUG_INFORMATION_FORMAT = "dwarf-with-dsym";
				ENABLE_NS_ASSERTIONS = NO;
				ENABLE_STRICT_OBJC_MSGSEND = YES;
				GCC_C_LANGUAGE_STANDARD = gnu11;
				GCC_NO_COMMON_BLOCKS = YES;
				GCC_WARN_64_TO_32_BIT_CONVERSION = YES;
				GCC_WARN_ABOUT_RETURN_TYPE = YES_ERROR;
				GCC_WARN_UNDECLARED_SELECTOR = YES;
				GCC_WARN_UNINITIALIZED_AUTOS = YES_AGGRESSIVE;
				GCC_WARN_UNUSED_FUNCTION = YES;
				GCC_WARN_UNUSED_VARIABLE = YES;
				IPHONEOS_DEPLOYMENT_TARGET = 15.2;
				MTL_ENABLE_DEBUG_INFO = NO;
				MTL_FAST_MATH = YES;
				SDKROOT = iphoneos;
				SWIFT_COMPILATION_MODE = wholemodule;
				SWIFT_OPTIMIZATION_LEVEL = "-O";
				VALIDATE_PRODUCT = YES;
			};
			name = Release;
		};
		7F225B2E28F42F5B00EA605F /* Debug */ = {
			isa = XCBuildConfiguration;
			baseConfigurationReference = EF2632F2F7A18004ECAF593B /* Pods-Unspalsh.debug.xcconfig */;
			buildSettings = {
				ASSETCATALOG_COMPILER_APPICON_NAME = AppIcon;
				ASSETCATALOG_COMPILER_GLOBAL_ACCENT_COLOR_NAME = AccentColor;
				CODE_SIGN_STYLE = Automatic;
				CURRENT_PROJECT_VERSION = 1;
				GENERATE_INFOPLIST_FILE = YES;
				INFOPLIST_FILE = Unspalsh/Info.plist;
				INFOPLIST_KEY_UIApplicationSupportsIndirectInputEvents = YES;
				INFOPLIST_KEY_UILaunchStoryboardName = LaunchScreen;
				INFOPLIST_KEY_UISupportedInterfaceOrientations_iPad = "UIInterfaceOrientationPortrait UIInterfaceOrientationPortraitUpsideDown UIInterfaceOrientationLandscapeLeft UIInterfaceOrientationLandscapeRight";
				INFOPLIST_KEY_UISupportedInterfaceOrientations_iPhone = "UIInterfaceOrientationPortrait UIInterfaceOrientationLandscapeLeft UIInterfaceOrientationLandscapeRight";
				LD_RUNPATH_SEARCH_PATHS = (
					"$(inherited)",
					"@executable_path/Frameworks",
				);
				MARKETING_VERSION = 1.0;
				PRODUCT_BUNDLE_IDENTIFIER = "-eww.Unspalsh";
				PRODUCT_NAME = "$(TARGET_NAME)";
				SWIFT_EMIT_LOC_STRINGS = YES;
				SWIFT_VERSION = 5.0;
				TARGETED_DEVICE_FAMILY = 1;
			};
			name = Debug;
		};
		7F225B2F28F42F5B00EA605F /* Release */ = {
			isa = XCBuildConfiguration;
			baseConfigurationReference = DCD1B628EC70DAA7CC3D4491 /* Pods-Unspalsh.release.xcconfig */;
			buildSettings = {
				ASSETCATALOG_COMPILER_APPICON_NAME = AppIcon;
				ASSETCATALOG_COMPILER_GLOBAL_ACCENT_COLOR_NAME = AccentColor;
				CODE_SIGN_STYLE = Automatic;
				CURRENT_PROJECT_VERSION = 1;
				GENERATE_INFOPLIST_FILE = YES;
				INFOPLIST_FILE = Unspalsh/Info.plist;
				INFOPLIST_KEY_UIApplicationSupportsIndirectInputEvents = YES;
				INFOPLIST_KEY_UILaunchStoryboardName = LaunchScreen;
				INFOPLIST_KEY_UISupportedInterfaceOrientations_iPad = "UIInterfaceOrientationPortrait UIInterfaceOrientationPortraitUpsideDown UIInterfaceOrientationLandscapeLeft UIInterfaceOrientationLandscapeRight";
				INFOPLIST_KEY_UISupportedInterfaceOrientations_iPhone = "UIInterfaceOrientationPortrait UIInterfaceOrientationLandscapeLeft UIInterfaceOrientationLandscapeRight";
				LD_RUNPATH_SEARCH_PATHS = (
					"$(inherited)",
					"@executable_path/Frameworks",
				);
				MARKETING_VERSION = 1.0;
				PRODUCT_BUNDLE_IDENTIFIER = "-eww.Unspalsh";
				PRODUCT_NAME = "$(TARGET_NAME)";
				SWIFT_EMIT_LOC_STRINGS = YES;
				SWIFT_VERSION = 5.0;
				TARGETED_DEVICE_FAMILY = 1;
			};
			name = Release;
		};
/* End XCBuildConfiguration section */

/* Begin XCConfigurationList section */
		7F225B1428F42F5700EA605F /* Build configuration list for PBXProject "Unspalsh" */ = {
			isa = XCConfigurationList;
			buildConfigurations = (
				7F225B2B28F42F5B00EA605F /* Debug */,
				7F225B2C28F42F5B00EA605F /* Release */,
			);
			defaultConfigurationIsVisible = 0;
			defaultConfigurationName = Release;
		};
		7F225B2D28F42F5B00EA605F /* Build configuration list for PBXNativeTarget "Unspalsh" */ = {
			isa = XCConfigurationList;
			buildConfigurations = (
				7F225B2E28F42F5B00EA605F /* Debug */,
				7F225B2F28F42F5B00EA605F /* Release */,
			);
			defaultConfigurationIsVisible = 0;
			defaultConfigurationName = Release;
		};
/* End XCConfigurationList section */
	};
	rootObject = 7F225B1128F42F5700EA605F /* Project object */;
}
